
Microsoft Visual Studio Solution File, Format Version 12.00
# Visual Studio Version 16
VisualStudioVersion = 16.0.29215.179
MinimumVisualStudioVersion = 10.0.40219.1
Project("{FAE04EC0-301F-11D3-BF4B-00C04F79EFBC}") = "WindowsFormsApp1", "WindowsFormsApp1\WindowsFormsApp1.csproj", "{7B2716CA-2B62-44CF-B8F5-9DEDFD7E01B5}"
EndProject
Global
	GlobalSection(SolutionConfigurationPlatforms) = preSolution
		Debug|Any CPU = Debug|Any CPU
		Release|Any CPU = Release|Any CPU
	EndGlobalSection
	GlobalSection(ProjectConfigurationPlatforms) = postSolution
		{7B2716CA-2B62-44CF-B8F5-9DEDFD7E01B5}.Debug|Any CPU.ActiveCfg = Debug|Any CPU
		{7B2716CA-2B62-44CF-B8F5-9DEDFD7E01B5}.Debug|Any CPU.Build.0 = Debug|Any CPU
		{7B2716CA-2B62-44CF-B8F5-9DEDFD7E01B5}.Release|Any CPU.ActiveCfg = Release|Any CPU
		{7B2716CA-2B62-44CF-B8F5-9DEDFD7E01B5}.Release|Any CPU.Build.0 = Release|Any CPU
	EndGlobalSection
	GlobalSection(SolutionProperties) = preSolution
		HideSolutionNode = FALSE
	EndGlobalSection
	GlobalSection(ExtensibilityGlobals) = postSolution
		SolutionGuid = {F9BF9183-DB8F-499B-8EB3-977CB803F2AD}
	EndGlobalSection
EndGlobal
